<?xml version="1.0" encoding="utf-8"?>
<Project ToolsVersion="4.0" xmlns="http://schemas.microsoft.com/developer/msbuild/2003">
  <ItemGroup>
    <Filter Include="FSM">
      <UniqueIdentifier>{e874bdc8-2eec-4426-9e55-66202aa3c624}</UniqueIdentifier>
    </Filter>
    <Filter Include="Utils">
      <UniqueIdentifier>{77bbcd4b-228e-4320-8342-42407cf666cc}</UniqueIdentifier>
    </Filter>
    <Filter Include="Time">
      <UniqueIdentifier>{cd2d1da5-7375-401a-a6d5-15cd0f8291fb}</UniqueIdentifier>
    </Filter>
  </ItemGroup>
  <ItemGroup>
    <ClInclude Include="StateMachine.h">
      <Filter>FSM</Filter>
    </ClInclude>
    <ClInclude Include="Utils.h">
      <Filter>Utils</Filter>
    </ClInclude>
    <ClInclude Include="State.h">
      <Filter>FSM</Filter>
    </ClInclude>
    <ClInclude Include="CrudeTimer.h">
      <Filter>Time</Filter>
    </ClInclude>
  </ItemGroup>
  <ItemGroup>
    <ClCompile Include="CrudeTimer.cpp">
      <Filter>Time</Filter>
    </ClCompile>
  </ItemGroup>
</Project>